
Microsoft Visual Studio Solution File, Format Version 12.00
# Visual Studio Version 17
VisualStudioVersion = 17.0.32112.339
MinimumVisualStudioVersion = 10.0.40219.1
Project("{FAE04EC0-301F-11D3-BF4B-00C04F79EFBC}") = "DemoApplication1", "DemoApplication1\DemoApplication1.csproj", "{4E998F73-2663-434F-9977-F256EAC992AA}"
EndProject
Global
	GlobalSection(SolutionConfigurationPlatforms) = preSolution
		Debug|Any CPU = Debug|Any CPU
		Release|Any CPU = Release|Any CPU
	EndGlobalSection
	GlobalSection(ProjectConfigurationPlatforms) = postSolution
		{4E998F73-2663-434F-9977-F256EAC992AA}.Debug|Any CPU.ActiveCfg = Debug|Any CPU
		{4E998F73-2663-434F-9977-F256EAC992AA}.Debug|Any CPU.Build.0 = Debug|Any CPU
		{4E998F73-2663-434F-9977-F256EAC992AA}.Release|Any CPU.ActiveCfg = Release|Any CPU
		{4E998F73-2663-434F-9977-F256EAC992AA}.Release|Any CPU.Build.0 = Release|Any CPU
	EndGlobalSection
	GlobalSection(SolutionProperties) = preSolution
		HideSolutionNode = FALSE
	EndGlobalSection
	GlobalSection(ExtensibilityGlobals) = postSolution
		SolutionGuid = {5BBD8CB6-B59F-4CE8-B8E8-8BA8DD691543}
	EndGlobalSection
EndGlobal
